<?xml version="1.0" encoding="utf-8"?>
<Project ToolsVersion="4.0" xmlns="http://schemas.microsoft.com/developer/msbuild/2003">
  <ItemGroup>
    <Filter Include="Source Files">
      <UniqueIdentifier>{4FC737F1-C7A5-4376-A066-2A32D752A2FF}</UniqueIdentifier>
      <Extensions>cpp;c;cc;cxx;c++;cppm;ixx;def;odl;idl;hpj;bat;asm;asmx</Extensions>
    </Filter>
    <Filter Include="Header Files">
      <UniqueIdentifier>{93995380-89BD-4b04-88EB-625FBE52EBFB}</UniqueIdentifier>
      <Extensions>h;hh;hpp;hxx;h++;hm;inl;inc;ipp;xsd</Extensions>
    </Filter>
    <Filter Include="Resource Files">
      <UniqueIdentifier>{67DA6AB6-F800-4c08-8B7A-83BB121AAD01}</UniqueIdentifier>
      <Extensions>rc;ico;cur;bmp;dlg;rc2;rct;bin;rgs;gif;jpg;jpeg;jpe;resx;tiff;tif;png;wav;mfcribbon-ms</Extensions>
    </Filter>
  </ItemGroup>
  <ItemGroup>
    <ClCompile Include="source\private\main.cpp">
      <Filter>Source Files</Filter>
    </ClCompile>
    <ClCompile Include="external\include\glad\glad.c">
      <Filter>Source Files</Filter>
    </ClCompile>
    <ClCompile Include="source\private\graphics\shader.cpp">
      <Filter>Source Files</Filter>
    </ClCompile>
    <ClCompile Include="source\private\graphics\assets\gl\mesh_gl.cpp">
      <Filter>Source Files</Filter>
    </ClCompile>
    <ClCompile Include="source\private\graphics\assets\gl\model_gl.cpp">
      <Filter>Source Files</Filter>
    </ClCompile>
    <ClCompile Include="source\private\graphics\subsystem\gl\model_renderer_gl.cpp">
      <Filter>Source Files</Filter>
    </ClCompile>
    <ClCompile Include="source\private\device\gl\graphics_gl.cpp">
      <Filter>Source Files</Filter>
    </ClCompile>
    <ClCompile Include="source\private\device\gl\input_gl.cpp">
      <Filter>Source Files</Filter>
    </ClCompile>
    <ClCompile Include="source\private\device\gl\renderer_gl.cpp">
      <Filter>Source Files</Filter>
    </ClCompile>
    <ClCompile Include="source\private\device\gl\shader_gl.cpp">
      <Filter>Source Files</Filter>
    </ClCompile>
    <ClCompile Include="source\private\graphics\editor_camera_controller.cpp">
      <Filter>Source Files</Filter>
    </ClCompile>
    <ClCompile Include="external\include\imgui-master\imgui.cpp">
      <Filter>Source Files</Filter>
    </ClCompile>
    <ClCompile Include="external\include\imgui-master\backends\imgui_impl_opengl3.cpp">
      <Filter>Source Files</Filter>
    </ClCompile>
    <ClCompile Include="external\include\imgui-master\backends\imgui_impl_glfw.cpp">
      <Filter>Source Files</Filter>
    </ClCompile>
    <ClCompile Include="external\include\imgui-master\backends\imgui_impl_opengl2.cpp">
      <Filter>Source Files</Filter>
    </ClCompile>
    <ClCompile Include="external\include\imgui-master\imgui_demo.cpp">
      <Filter>Source Files</Filter>
    </ClCompile>
    <ClCompile Include="external\include\imgui-master\imgui_draw.cpp">
      <Filter>Source Files</Filter>
    </ClCompile>
    <ClCompile Include="external\include\imgui-master\imgui_tables.cpp">
      <Filter>Source Files</Filter>
    </ClCompile>
    <ClCompile Include="external\include\imgui-master\imgui_widgets.cpp">
      <Filter>Source Files</Filter>
    </ClCompile>
    <ClCompile Include="source\private\transform.cpp">
      <Filter>Source Files</Filter>
    </ClCompile>
    <ClCompile Include="source\private\engine.cpp">
      <Filter>Source Files</Filter>
    </ClCompile>
    <ClCompile Include="source\private\IndigoPixelSort.cpp">
      <Filter>Source Files</Filter>
    </ClCompile>
    <ClCompile Include="source\private\graphics\subsystem\gl\pixel_sorter_gl.cpp">
      <Filter>Source Files</Filter>
    </ClCompile>
    <ClCompile Include="external\include\ImGuizmo-master\GraphEditor.cpp">
      <Filter>Source Files</Filter>
    </ClCompile>
    <ClCompile Include="external\include\ImGuizmo-master\ImCurveEdit.cpp">
      <Filter>Source Files</Filter>
    </ClCompile>
    <ClCompile Include="external\include\ImGuizmo-master\ImGradient.cpp">
      <Filter>Source Files</Filter>
    </ClCompile>
    <ClCompile Include="external\include\ImGuizmo-master\ImGuizmo.cpp">
      <Filter>Source Files</Filter>
    </ClCompile>
    <ClCompile Include="external\include\ImGuizmo-master\ImSequencer.cpp">
      <Filter>Source Files</Filter>
    </ClCompile>
    <ClCompile Include="source\private\graphics\subsystem\gl\skydome_trace_gl.cpp">
      <Filter>Source Files</Filter>
    </ClCompile>
    <ClCompile Include="external\include\stb_image\stb_vorbis.c">
      <Filter>Source Files</Filter>
    </ClCompile>
    <ClCompile Include="source\private\precomp_impls.cpp">
      <Filter>Source Files</Filter>
    </ClCompile>
  </ItemGroup>
  <ItemGroup>
    <ClInclude Include="source\public\device\input.h">
      <Filter>Header Files</Filter>
    </ClInclude>
    <ClInclude Include="source\public\utils\common.h">
      <Filter>Header Files</Filter>
    </ClInclude>
    <ClInclude Include="source\public\utils\log.h">
      <Filter>Header Files</Filter>
    </ClInclude>
    <ClInclude Include="source\public\utils\timer.h">
      <Filter>Header Files</Filter>
    </ClInclude>
    <ClInclude Include="source\public\precomp.h">
      <Filter>Header Files</Filter>
    </ClInclude>
    <ClInclude Include="source\public\graphics\subsystem\model_renderer.h">
      <Filter>Header Files</Filter>
    </ClInclude>
    <ClInclude Include="source\public\graphics\graphics.h">
      <Filter>Header Files</Filter>
    </ClInclude>
    <ClInclude Include="source\public\graphics\renderer.h">
      <Filter>Header Files</Filter>
    </ClInclude>
    <ClInclude Include="source\public\graphics\shader.h">
      <Filter>Header Files</Filter>
    </ClInclude>
    <ClInclude Include="source\public\graphics\subsystem.h">
      <Filter>Header Files</Filter>
    </ClInclude>
    <ClInclude Include="source\public\device\gl\graphics_gl.h">
      <Filter>Header Files</Filter>
    </ClInclude>
    <ClInclude Include="source\public\device\gl\uniforms_gl.h">
      <Filter>Header Files</Filter>
    </ClInclude>
    <ClInclude Include="source\public\graphics\assets\editor_camera_controller.h">
      <Filter>Header Files</Filter>
    </ClInclude>
    <ClInclude Include="source\public\graphics\assets\mesh.h">
      <Filter>Header Files</Filter>
    </ClInclude>
    <ClInclude Include="source\public\graphics\assets\model.h">
      <Filter>Header Files</Filter>
    </ClInclude>
    <ClInclude Include="external\include\imgui-master\imgui.h">
      <Filter>Header Files</Filter>
    </ClInclude>
    <ClInclude Include="external\include\imgui-master\backends\imgui_impl_glfw.h">
      <Filter>Header Files</Filter>
    </ClInclude>
    <ClInclude Include="external\include\imgui-master\backends\imgui_impl_opengl3.h">
      <Filter>Header Files</Filter>
    </ClInclude>
    <ClInclude Include="external\include\imgui-master\backends\imgui_impl_opengl3_loader.h">
      <Filter>Header Files</Filter>
    </ClInclude>
    <ClInclude Include="external\include\imgui-master\imgui_internal.h">
      <Filter>Header Files</Filter>
    </ClInclude>
    <ClInclude Include="external\include\imgui-master\backends\imgui_impl_opengl2.h">
      <Filter>Header Files</Filter>
    </ClInclude>
    <ClInclude Include="external\include\imgui-master\imconfig.h">
      <Filter>Header Files</Filter>
    </ClInclude>
    <ClInclude Include="external\include\imgui-master\imstb_rectpack.h">
      <Filter>Header Files</Filter>
    </ClInclude>
    <ClInclude Include="external\include\imgui-master\imstb_textedit.h">
      <Filter>Header Files</Filter>
    </ClInclude>
    <ClInclude Include="external\include\imgui-master\imstb_truetype.h">
      <Filter>Header Files</Filter>
    </ClInclude>
    <ClInclude Include="source\public\transform.h">
      <Filter>Header Files</Filter>
    </ClInclude>
    <ClInclude Include="source\public\graphics\assets\components.h">
      <Filter>Header Files</Filter>
    </ClInclude>
    <ClInclude Include="source\public\engine.h">
      <Filter>Header Files</Filter>
    </ClInclude>
    <ClInclude Include="source\public\IndigoPixelSort.h">
      <Filter>Header Files</Filter>
    </ClInclude>
    <ClInclude Include="source\public\module.h">
      <Filter>Header Files</Filter>
    </ClInclude>
    <ClInclude Include="source\public\graphics\subsystem\pixel_sorter.h">
      <Filter>Header Files</Filter>
    </ClInclude>
    <ClInclude Include="source\public\utils\file_handler.h">
      <Filter>Header Files</Filter>
    </ClInclude>
    <ClInclude Include="external\include\ImReflect-main\ImReflect_std.hpp">
      <Filter>Header Files</Filter>
    </ClInclude>
    <ClInclude Include="external\include\ImReflect-main\ImReflect.hpp">
      <Filter>Header Files</Filter>
    </ClInclude>
    <ClInclude Include="external\include\ImReflect-main\ImReflect_entry.hpp">
      <Filter>Header Files</Filter>
    </ClInclude>
    <ClInclude Include="external\include\ImReflect-main\ImReflect_helper.hpp">
      <Filter>Header Files</Filter>
    </ClInclude>
    <ClInclude Include="external\include\ImReflect-main\ImReflect_macro.hpp">
      <Filter>Header Files</Filter>
    </ClInclude>
    <ClInclude Include="external\include\ImReflect-main\ImReflect_primitives.hpp">
      <Filter>Header Files</Filter>
    </ClInclude>
    <ClInclude Include="external\include\ImReflect-main\extern\magic_enum\magic_enum.hpp">
      <Filter>Header Files</Filter>
    </ClInclude>
    <ClInclude Include="external\include\ImReflect-main\extern\svh\scope.hpp">
      <Filter>Header Files</Filter>
    </ClInclude>
    <ClInclude Include="external\include\ImReflect-main\extern\svh\tag_invoke.hpp">
      <Filter>Header Files</Filter>
    </ClInclude>
    <ClInclude Include="external\include\ImReflect-main\extern\visit_struct\visit_struct.hpp">
      <Filter>Header Files</Filter>
    </ClInclude>
    <ClInclude Include="external\include\ImGuizmo-master\ImZoomSlider.h">
      <Filter>Header Files</Filter>
    </ClInclude>
    <ClInclude Include="external\include\ImGuizmo-master\GraphEditor.h">
      <Filter>Header Files</Filter>
    </ClInclude>
    <ClInclude Include="external\include\ImGuizmo-master\ImCurveEdit.h">
      <Filter>Header Files</Filter>
    </ClInclude>
    <ClInclude Include="external\include\ImGuizmo-master\ImGradient.h">
      <Filter>Header Files</Filter>
    </ClInclude>
    <ClInclude Include="external\include\ImGuizmo-master\ImGuizmo.h">
      <Filter>Header Files</Filter>
    </ClInclude>
    <ClInclude Include="external\include\ImGuizmo-master\ImLightRig.h">
      <Filter>Header Files</Filter>
    </ClInclude>
    <ClInclude Include="external\include\ImGuizmo-master\ImSequencer.h">
      <Filter>Header Files</Filter>
    </ClInclude>
    <ClInclude Include="source\public\graphics\subsystem\skydome_trace.h">
      <Filter>Header Files</Filter>
    </ClInclude>
    <ClInclude Include="external\include\stb_image\stb_image.h">
      <Filter>Header Files</Filter>
    </ClInclude>
    <ClInclude Include="external\include\stb_image\stb_image_write.h">
      <Filter>Header Files</Filter>
    </ClInclude>
    <ClInclude Include="external\include\stb_image\stb_c_lexer.h">
      <Filter>Header Files</Filter>
    </ClInclude>
    <ClInclude Include="external\include\stb_image\stb_connected_components.h">
      <Filter>Header Files</Filter>
    </ClInclude>
    <ClInclude Include="external\include\stb_image\stb_divide.h">
      <Filter>Header Files</Filter>
    </ClInclude>
    <ClInclude Include="external\include\stb_image\stb_ds.h">
      <Filter>Header Files</Filter>
    </ClInclude>
    <ClInclude Include="external\include\stb_image\stb_dxt.h">
      <Filter>Header Files</Filter>
    </ClInclude>
    <ClInclude Include="external\include\stb_image\stb_easy_font.h">
      <Filter>Header Files</Filter>
    </ClInclude>
    <ClInclude Include="external\include\stb_image\stb_herringbone_wang_tile.h">
      <Filter>Header Files</Filter>
    </ClInclude>
    <ClInclude Include="external\include\stb_image\stb_hexwave.h">
      <Filter>Header Files</Filter>
    </ClInclude>
    <ClInclude Include="external\include\stb_image\stb_image_resize2.h">
      <Filter>Header Files</Filter>
    </ClInclude>
    <ClInclude Include="external\include\stb_image\stb_include.h">
      <Filter>Header Files</Filter>
    </ClInclude>
    <ClInclude Include="external\include\stb_image\stb_leakcheck.h">
      <Filter>Header Files</Filter>
    </ClInclude>
    <ClInclude Include="external\include\stb_image\stb_perlin.h">
      <Filter>Header Files</Filter>
    </ClInclude>
    <ClInclude Include="external\include\stb_image\stb_rect_pack.h">
      <Filter>Header Files</Filter>
    </ClInclude>
    <ClInclude Include="external\include\stb_image\stb_sprintf.h">
      <Filter>Header Files</Filter>
    </ClInclude>
    <ClInclude Include="external\include\stb_image\stb_textedit.h">
      <Filter>Header Files</Filter>
    </ClInclude>
    <ClInclude Include="external\include\stb_image\stb_tilemap_editor.h">
      <Filter>Header Files</Filter>
    </ClInclude>
    <ClInclude Include="external\include\stb_image\stb_truetype.h">
      <Filter>Header Files</Filter>
    </ClInclude>
    <ClInclude Include="external\include\stb_image\stb_voxel_render.h">
      <Filter>Header Files</Filter>
    </ClInclude>
  </ItemGroup>
  <ItemGroup>
    <Library Include="external\lib\GLFW\lib-vc2019\glfw3.lib" />
    <Library Include="external\lib\GLFW\lib-vc2019\glfw3_mt.lib" />
  </ItemGroup>
</Project>